
Microsoft Visual Studio Solution File, Format Version 12.00
# Visual Studio 2013
VisualStudioVersion = 12.0.20827.3
MinimumVisualStudioVersion = 10.0.40219.1
Project("{FAE04EC0-301F-11D3-BF4B-00C04F79EFBC}") = "SaveMySpot.Models", "SaveMySpot.Models\SaveMySpot.Models.csproj", "{17A4C6E2-B99D-48E3-9939-32204A5FEE3E}"
EndProject
Project("{FAE04EC0-301F-11D3-BF4B-00C04F79EFBC}") = "SaveMySpot.Data", "SaveMySpot.Data\SaveMySpot.Data.csproj", "{FC0CB1CD-0F34-4858-A39E-C506B2EF44F3}"
EndProject
Project("{FAE04EC0-301F-11D3-BF4B-00C04F79EFBC}") = "SaveMySpot.Services", "SaveMySpot.Services\SaveMySpot.Services.csproj", "{7C44AA00-5420-4DD2-BB2C-A9EC6B297638}"
EndProject
Global
	GlobalSection(SolutionConfigurationPlatforms) = preSolution
		Debug|Any CPU = Debug|Any CPU
		Release|Any CPU = Release|Any CPU
	EndGlobalSection
	GlobalSection(ProjectConfigurationPlatforms) = postSolution
		{17A4C6E2-B99D-48E3-9939-32204A5FEE3E}.Debug|Any CPU.ActiveCfg = Debug|Any CPU
		{17A4C6E2-B99D-48E3-9939-32204A5FEE3E}.Debug|Any CPU.Build.0 = Debug|Any CPU
		{17A4C6E2-B99D-48E3-9939-32204A5FEE3E}.Release|Any CPU.ActiveCfg = Release|Any CPU
		{17A4C6E2-B99D-48E3-9939-32204A5FEE3E}.Release|Any CPU.Build.0 = Release|Any CPU
		{FC0CB1CD-0F34-4858-A39E-C506B2EF44F3}.Debug|Any CPU.ActiveCfg = Debug|Any CPU
		{FC0CB1CD-0F34-4858-A39E-C506B2EF44F3}.Debug|Any CPU.Build.0 = Debug|Any CPU
		{FC0CB1CD-0F34-4858-A39E-C506B2EF44F3}.Release|Any CPU.ActiveCfg = Release|Any CPU
		{FC0CB1CD-0F34-4858-A39E-C506B2EF44F3}.Release|Any CPU.Build.0 = Release|Any CPU
		{7C44AA00-5420-4DD2-BB2C-A9EC6B297638}.Debug|Any CPU.ActiveCfg = Debug|Any CPU
		{7C44AA00-5420-4DD2-BB2C-A9EC6B297638}.Debug|Any CPU.Build.0 = Debug|Any CPU
		{7C44AA00-5420-4DD2-BB2C-A9EC6B297638}.Release|Any CPU.ActiveCfg = Release|Any CPU
		{7C44AA00-5420-4DD2-BB2C-A9EC6B297638}.Release|Any CPU.Build.0 = Release|Any CPU
	EndGlobalSection
	GlobalSection(SolutionProperties) = preSolution
		HideSolutionNode = FALSE
	EndGlobalSection
EndGlobal
